{
  "name": "neptune-animations",
  "version": "1.0.0",
  "lockfileVersion": 3,
  "requires": true,
  "packages": {
    "": {
      "name": "neptune-animations",
      "version": "1.0.0",
      "license": "MIT",
      "devDependencies": {
        "neptunecss": "^1.1.2",
        "neptunecss-js": "^1.2.1"
      }
    },
    "node_modules/neptunecss": {
      "version": "1.1.2",
      "resolved": "https://registry.npmjs.org/neptunecss/-/neptunecss-1.1.2.tgz",
      "integrity": "sha512-IAiD8GW6vnSfyiAV6kLf7K0hyVwfHzy+FCjU4f7KqiPMVWeBRrrDCiy8gwHFrIzDNdkp4tuvagOEDIYm4Cbddg==",
      "dev": true
    },
    "node_modules/neptunecss-js": {
      "version": "1.2.1",
      "resolved": "https://registry.npmjs.org/neptunecss-js/-/neptunecss-js-1.2.1.tgz",
      "integrity": "sha512-0gXNXcId5KvRyJ4JOej7RiczoAc5mHPsqWveJPlkBxmunyxJHX1urh8pAcLUbPSsHOgk+2yOHIH32WMiM9vjWw==",
      "dev": true,
      "dependencies": {
        "neptunecss": "^1.0.0"
      }
    }
  }
}
